
Microsoft Visual Studio Solution File, Format Version 12.00
# Visual Studio Version 17
VisualStudioVersion = 17.11.35312.102
MinimumVisualStudioVersion = 10.0.40219.1
Project("{FAE04EC0-301F-11D3-BF4B-00C04F79EFBC}") = "NEXTGroup3", "NEXTGroup3\NEXTGroup3\NEXTGroup3.csproj", "{FE21969E-6BCE-4C48-BC03-7CEE12F3B3DF}"
EndProject
Project("{FAE04EC0-301F-11D3-BF4B-00C04F79EFBC}") = "NEXTGroup3.Client", "NEXTGroup3\NEXTGroup3.Client\NEXTGroup3.Client.csproj", "{AA78DABF-4F30-416B-B870-71CA99778614}"
EndProject
Global
	GlobalSection(SolutionConfigurationPlatforms) = preSolution
		Debug|Any CPU = Debug|Any CPU
		Release|Any CPU = Release|Any CPU
	EndGlobalSection
	GlobalSection(ProjectConfigurationPlatforms) = postSolution
		{FE21969E-6BCE-4C48-BC03-7CEE12F3B3DF}.Debug|Any CPU.ActiveCfg = Debug|Any CPU
		{FE21969E-6BCE-4C48-BC03-7CEE12F3B3DF}.Debug|Any CPU.Build.0 = Debug|Any CPU
		{FE21969E-6BCE-4C48-BC03-7CEE12F3B3DF}.Release|Any CPU.ActiveCfg = Release|Any CPU
		{FE21969E-6BCE-4C48-BC03-7CEE12F3B3DF}.Release|Any CPU.Build.0 = Release|Any CPU
		{AA78DABF-4F30-416B-B870-71CA99778614}.Debug|Any CPU.ActiveCfg = Debug|Any CPU
		{AA78DABF-4F30-416B-B870-71CA99778614}.Debug|Any CPU.Build.0 = Debug|Any CPU
		{AA78DABF-4F30-416B-B870-71CA99778614}.Release|Any CPU.ActiveCfg = Release|Any CPU
		{AA78DABF-4F30-416B-B870-71CA99778614}.Release|Any CPU.Build.0 = Release|Any CPU
	EndGlobalSection
	GlobalSection(SolutionProperties) = preSolution
		HideSolutionNode = FALSE
	EndGlobalSection
	GlobalSection(ExtensibilityGlobals) = postSolution
		SolutionGuid = {1A8FD6A7-D9D0-4A2A-A39A-A0450C833CC3}
	EndGlobalSection
EndGlobal
